
Microsoft Visual Studio Solution File, Format Version 12.00
# Visual Studio Version 17
VisualStudioVersion = 17.14.36121.58 d17.14
MinimumVisualStudioVersion = 10.0.40219.1
Project("{E24C65DC-7377-472B-9ABA-BC803B73C61A}") = "website", ".", "{2BE55370-DA8E-3CE6-DB08-B7EF3BB6C593}"
	ProjectSection(WebsiteProperties) = preProject
		TargetFrameworkMoniker = ".NETFramework,Version%3Dv4.8"
		Debug.AspNetCompiler.VirtualPath = "/localhost_60337"
		Debug.AspNetCompiler.PhysicalPath = "..\..\..\Documents\GitHub\NewsSite\website\"
		Debug.AspNetCompiler.TargetPath = "PrecompiledWeb\localhost_60337\"
		Debug.AspNetCompiler.Updateable = "true"
		Debug.AspNetCompiler.ForceOverwrite = "true"
		Debug.AspNetCompiler.FixedNames = "false"
		Debug.AspNetCompiler.Debug = "True"
		Release.AspNetCompiler.VirtualPath = "/localhost_60337"
		Release.AspNetCompiler.PhysicalPath = "..\..\..\Documents\GitHub\NewsSite\website\"
		Release.AspNetCompiler.TargetPath = "PrecompiledWeb\localhost_60337\"
		Release.AspNetCompiler.Updateable = "true"
		Release.AspNetCompiler.ForceOverwrite = "true"
		Release.AspNetCompiler.FixedNames = "false"
		Release.AspNetCompiler.Debug = "False"
		VWDPort = "60337"
	EndProjectSection
EndProject
Global
	GlobalSection(SolutionConfigurationPlatforms) = preSolution
		Debug|Any CPU = Debug|Any CPU
	EndGlobalSection
	GlobalSection(ProjectConfigurationPlatforms) = postSolution
		{2BE55370-DA8E-3CE6-DB08-B7EF3BB6C593}.Debug|Any CPU.ActiveCfg = Debug|Any CPU
		{2BE55370-DA8E-3CE6-DB08-B7EF3BB6C593}.Debug|Any CPU.Build.0 = Debug|Any CPU
	EndGlobalSection
	GlobalSection(SolutionProperties) = preSolution
		HideSolutionNode = FALSE
	EndGlobalSection
	GlobalSection(ExtensibilityGlobals) = postSolution
		SolutionGuid = {6EEC4973-B397-4984-B15E-5D2345D14022}
	EndGlobalSection
EndGlobal
